
Microsoft Visual Studio Solution File, Format Version 12.00
# Visual Studio Version 16
VisualStudioVersion = 16.0.32901.82
MinimumVisualStudioVersion = 10.0.40219.1
Project("{FAE04EC0-301F-11D3-BF4B-00C04F79EFBC}") = "Vega", "Vega.csproj", "{FACC0944-A8D8-4A41-8D42-C792E9C08699}"
EndProject
Global
	GlobalSection(SolutionConfigurationPlatforms) = preSolution
		Debug|Any CPU = Debug|Any CPU
		Release|Any CPU = Release|Any CPU
	EndGlobalSection
	GlobalSection(ProjectConfigurationPlatforms) = postSolution
		{FACC0944-A8D8-4A41-8D42-C792E9C08699}.Debug|Any CPU.ActiveCfg = Debug|Any CPU
		{FACC0944-A8D8-4A41-8D42-C792E9C08699}.Debug|Any CPU.Build.0 = Debug|Any CPU
		{FACC0944-A8D8-4A41-8D42-C792E9C08699}.Release|Any CPU.ActiveCfg = Release|Any CPU
		{FACC0944-A8D8-4A41-8D42-C792E9C08699}.Release|Any CPU.Build.0 = Release|Any CPU
	EndGlobalSection
	GlobalSection(SolutionProperties) = preSolution
		HideSolutionNode = FALSE
	EndGlobalSection
	GlobalSection(ExtensibilityGlobals) = postSolution
		SolutionGuid = {1101BEE0-1888-4DB9-8FAE-3B94D35B8E67}
	EndGlobalSection
EndGlobal
